// !$*UTF8*$!
{
	archiveVersion = 1;
	classes = {
	};
	objectVersion = 50;
	objects = {

/* Begin PBXBuildFile section */
		D5CED06520FE47B500D75E57 /* AppDelegate.swift in Sources */ = {isa = PBXBuildFile; fileRef = D5CED06420FE47B500D75E57 /* AppDelegate.swift */; };
		D5CED06A20FE47B500D75E57 /* Main.storyboard in Resources */ = {isa = PBXBuildFile; fileRef = D5CED06820FE47B500D75E57 /* Main.storyboard */; };
		D5CED06C20FE47B600D75E57 /* Assets.xcassets in Resources */ = {isa = PBXBuildFile; fileRef = D5CED06B20FE47B600D75E57 /* Assets.xcassets */; };
		D5CED06F20FE47B600D75E57 /* LaunchScreen.storyboard in Resources */ = {isa = PBXBuildFile; fileRef = D5CED06D20FE47B600D75E57 /* LaunchScreen.storyboard */; };
		D5CED07A20FE47B600D75E57 /* DoctorFinderTests.swift in Sources */ = {isa = PBXBuildFile; fileRef = D5CED07920FE47B600D75E57 /* DoctorFinderTests.swift */; };
		D5CED08620FE57FF00D75E57 /* DoctorSearchViewController.swift in Sources */ = {isa = PBXBuildFile; fileRef = D5CED08520FE57FF00D75E57 /* DoctorSearchViewController.swift */; };
		D5CED08920FE5AF900D75E57 /* NetworkManager.swift in Sources */ = {isa = PBXBuildFile; fileRef = D5CED08820FE5AF900D75E57 /* NetworkManager.swift */; };
		D5CED08C20FE5B5000D75E57 /* Alamofire.framework in Frameworks */ = {isa = PBXBuildFile; fileRef = D5CED08B20FE5B5000D75E57 /* Alamofire.framework */; };
		D5CED08E20FE5B5900D75E57 /* Alamofire.framework in Embed Frameworks */ = {isa = PBXBuildFile; fileRef = D5CED08B20FE5B5000D75E57 /* Alamofire.framework */; settings = {ATTRIBUTES = (CodeSignOnCopy, RemoveHeadersOnCopy, ); }; };
		D5CED09120FFC6EB00D75E57 /* AuthenticationHandler.swift in Sources */ = {isa = PBXBuildFile; fileRef = D5CED09020FFC6EB00D75E57 /* AuthenticationHandler.swift */; };
		D5CED09320FFDC6800D75E57 /* UvitaRouter.swift in Sources */ = {isa = PBXBuildFile; fileRef = D5CED09220FFDC6800D75E57 /* UvitaRouter.swift */; };
		D5CED0972100F0FB00D75E57 /* BaseTableComponentViewController.swift in Sources */ = {isa = PBXBuildFile; fileRef = D5CED0962100F0FB00D75E57 /* BaseTableComponentViewController.swift */; };
		D5CED09A2100F12800D75E57 /* BaseComponentProtocol.swift in Sources */ = {isa = PBXBuildFile; fileRef = D5CED0992100F12800D75E57 /* BaseComponentProtocol.swift */; };
		D5CED09E2100F14E00D75E57 /* BaseCollectionComponentModel.swift in Sources */ = {isa = PBXBuildFile; fileRef = D5CED09D2100F14E00D75E57 /* BaseCollectionComponentModel.swift */; };
		D5CED0A02100F16E00D75E57 /* BaseSectionDataModel.swift in Sources */ = {isa = PBXBuildFile; fileRef = D5CED09F2100F16E00D75E57 /* BaseSectionDataModel.swift */; };
		D5CED0A42100F1B400D75E57 /* BaseTableComponentViewCell.swift in Sources */ = {isa = PBXBuildFile; fileRef = D5CED0A32100F1B400D75E57 /* BaseTableComponentViewCell.swift */; };
		D5CED0A72100F22A00D75E57 /* DoctorSearchResultCellModel.swift in Sources */ = {isa = PBXBuildFile; fileRef = D5CED0A62100F22A00D75E57 /* DoctorSearchResultCellModel.swift */; };
		D5CED0AA2100F2FB00D75E57 /* DoctorSearchResultViewCell.swift in Sources */ = {isa = PBXBuildFile; fileRef = D5CED0A92100F2FB00D75E57 /* DoctorSearchResultViewCell.swift */; };
		D5CED0AD2100F36E00D75E57 /* AlamofireImage.framework in Frameworks */ = {isa = PBXBuildFile; fileRef = D5CED0AB2100F36A00D75E57 /* AlamofireImage.framework */; };
		D5CED0AE2100F36E00D75E57 /* AlamofireImage.framework in Embed Frameworks */ = {isa = PBXBuildFile; fileRef = D5CED0AB2100F36A00D75E57 /* AlamofireImage.framework */; settings = {ATTRIBUTES = (CodeSignOnCopy, RemoveHeadersOnCopy, ); }; };
		D5CED0B02100F5C800D75E57 /* DoctorSearchResultComponentModel.swift in Sources */ = {isa = PBXBuildFile; fileRef = D5CED0AF2100F5C800D75E57 /* DoctorSearchResultComponentModel.swift */; };
		D5CED0B32100F61700D75E57 /* Doctor.swift in Sources */ = {isa = PBXBuildFile; fileRef = D5CED0B22100F61700D75E57 /* Doctor.swift */; };
		D5CED0B62100F73A00D75E57 /* DoctorSearchResultsComponentViewController.swift in Sources */ = {isa = PBXBuildFile; fileRef = D5CED0B52100F73A00D75E57 /* DoctorSearchResultsComponentViewController.swift */; };
		D5CED0B92100F7E200D75E57 /* UIViewControllerExtension.swift in Sources */ = {isa = PBXBuildFile; fileRef = D5CED0B82100F7E200D75E57 /* UIViewControllerExtension.swift */; };
		D5CED0BB2100F7F600D75E57 /* UIStoryboardExtension.swift in Sources */ = {isa = PBXBuildFile; fileRef = D5CED0BA2100F7F600D75E57 /* UIStoryboardExtension.swift */; };
/* End PBXBuildFile section */

/* Begin PBXContainerItemProxy section */
		D5CED07620FE47B600D75E57 /* PBXContainerItemProxy */ = {
			isa = PBXContainerItemProxy;
			containerPortal = D5CED05920FE47B500D75E57 /* Project object */;
			proxyType = 1;
			remoteGlobalIDString = D5CED06020FE47B500D75E57;
			remoteInfo = DoctorFinder;
		};
/* End PBXContainerItemProxy section */

/* Begin PBXCopyFilesBuildPhase section */
		D5CED08F20FE5B5900D75E57 /* Embed Frameworks */ = {
			isa = PBXCopyFilesBuildPhase;
			buildActionMask = 2147483647;
			dstPath = "";
			dstSubfolderSpec = 10;
			files = (
				D5CED08E20FE5B5900D75E57 /* Alamofire.framework in Embed Frameworks */,
				D5CED0AE2100F36E00D75E57 /* AlamofireImage.framework in Embed Frameworks */,
			);
			name = "Embed Frameworks";
			runOnlyForDeploymentPostprocessing = 0;
		};
/* End PBXCopyFilesBuildPhase section */

/* Begin PBXFileReference section */
		D5CED06120FE47B500D75E57 /* DoctorFinder.app */ = {isa = PBXFileReference; explicitFileType = wrapper.application; includeInIndex = 0; path = DoctorFinder.app; sourceTree = BUILT_PRODUCTS_DIR; };
		D5CED06420FE47B500D75E57 /* AppDelegate.swift */ = {isa = PBXFileReference; lastKnownFileType = sourcecode.swift; path = AppDelegate.swift; sourceTree = "<group>"; };
		D5CED06920FE47B500D75E57 /* Base */ = {isa = PBXFileReference; lastKnownFileType = file.storyboard; name = Base; path = Base.lproj/Main.storyboard; sourceTree = "<group>"; };
		D5CED06B20FE47B600D75E57 /* Assets.xcassets */ = {isa = PBXFileReference; lastKnownFileType = folder.assetcatalog; path = Assets.xcassets; sourceTree = "<group>"; };
		D5CED06E20FE47B600D75E57 /* Base */ = {isa = PBXFileReference; lastKnownFileType = file.storyboard; name = Base; path = Base.lproj/LaunchScreen.storyboard; sourceTree = "<group>"; };
		D5CED07020FE47B600D75E57 /* Info.plist */ = {isa = PBXFileReference; lastKnownFileType = text.plist.xml; path = Info.plist; sourceTree = "<group>"; };
		D5CED07520FE47B600D75E57 /* DoctorFinderTests.xctest */ = {isa = PBXFileReference; explicitFileType = wrapper.cfbundle; includeInIndex = 0; path = DoctorFinderTests.xctest; sourceTree = BUILT_PRODUCTS_DIR; };
		D5CED07920FE47B600D75E57 /* DoctorFinderTests.swift */ = {isa = PBXFileReference; lastKnownFileType = sourcecode.swift; path = DoctorFinderTests.swift; sourceTree = "<group>"; };
		D5CED07B20FE47B600D75E57 /* Info.plist */ = {isa = PBXFileReference; lastKnownFileType = text.plist.xml; path = Info.plist; sourceTree = "<group>"; };
		D5CED08520FE57FF00D75E57 /* DoctorSearchViewController.swift */ = {isa = PBXFileReference; lastKnownFileType = sourcecode.swift; path = DoctorSearchViewController.swift; sourceTree = "<group>"; };
		D5CED08820FE5AF900D75E57 /* NetworkManager.swift */ = {isa = PBXFileReference; lastKnownFileType = sourcecode.swift; path = NetworkManager.swift; sourceTree = "<group>"; };
		D5CED08B20FE5B5000D75E57 /* Alamofire.framework */ = {isa = PBXFileReference; lastKnownFileType = wrapper.framework; name = Alamofire.framework; path = Carthage/Build/iOS/Alamofire.framework; sourceTree = "<group>"; };
		D5CED09020FFC6EB00D75E57 /* AuthenticationHandler.swift */ = {isa = PBXFileReference; lastKnownFileType = sourcecode.swift; path = AuthenticationHandler.swift; sourceTree = "<group>"; };
		D5CED09220FFDC6800D75E57 /* UvitaRouter.swift */ = {isa = PBXFileReference; lastKnownFileType = sourcecode.swift; path = UvitaRouter.swift; sourceTree = "<group>"; };
		D5CED0962100F0FB00D75E57 /* BaseTableComponentViewController.swift */ = {isa = PBXFileReference; lastKnownFileType = sourcecode.swift; path = BaseTableComponentViewController.swift; sourceTree = "<group>"; };
		D5CED0992100F12800D75E57 /* BaseComponentProtocol.swift */ = {isa = PBXFileReference; lastKnownFileType = sourcecode.swift; path = BaseComponentProtocol.swift; sourceTree = "<group>"; };
		D5CED09D2100F14E00D75E57 /* BaseCollectionComponentModel.swift */ = {isa = PBXFileReference; lastKnownFileType = sourcecode.swift; path = BaseCollectionComponentModel.swift; sourceTree = "<group>"; };
		D5CED09F2100F16E00D75E57 /* BaseSectionDataModel.swift */ = {isa = PBXFileReference; lastKnownFileType = sourcecode.swift; path = BaseSectionDataModel.swift; sourceTree = "<group>"; };
		D5CED0A32100F1B400D75E57 /* BaseTableComponentViewCell.swift */ = {isa = PBXFileReference; lastKnownFileType = sourcecode.swift; path = BaseTableComponentViewCell.swift; sourceTree = "<group>"; };
		D5CED0A62100F22A00D75E57 /* DoctorSearchResultCellModel.swift */ = {isa = PBXFileReference; lastKnownFileType = sourcecode.swift; path = DoctorSearchResultCellModel.swift; sourceTree = "<group>"; };
		D5CED0A92100F2FB00D75E57 /* DoctorSearchResultViewCell.swift */ = {isa = PBXFileReference; lastKnownFileType = sourcecode.swift; path = DoctorSearchResultViewCell.swift; sourceTree = "<group>"; };
		D5CED0AB2100F36A00D75E57 /* AlamofireImage.framework */ = {isa = PBXFileReference; lastKnownFileType = wrapper.framework; name = AlamofireImage.framework; path = Carthage/Build/iOS/AlamofireImage.framework; sourceTree = "<group>"; };
		D5CED0AF2100F5C800D75E57 /* DoctorSearchResultComponentModel.swift */ = {isa = PBXFileReference; lastKnownFileType = sourcecode.swift; path = DoctorSearchResultComponentModel.swift; sourceTree = "<group>"; };
		D5CED0B22100F61700D75E57 /* Doctor.swift */ = {isa = PBXFileReference; lastKnownFileType = sourcecode.swift; path = Doctor.swift; sourceTree = "<group>"; };
		D5CED0B52100F73A00D75E57 /* DoctorSearchResultsComponentViewController.swift */ = {isa = PBXFileReference; lastKnownFileType = sourcecode.swift; path = DoctorSearchResultsComponentViewController.swift; sourceTree = "<group>"; };
		D5CED0B82100F7E200D75E57 /* UIViewControllerExtension.swift */ = {isa = PBXFileReference; lastKnownFileType = sourcecode.swift; path = UIViewControllerExtension.swift; sourceTree = "<group>"; };
		D5CED0BA2100F7F600D75E57 /* UIStoryboardExtension.swift */ = {isa = PBXFileReference; lastKnownFileType = sourcecode.swift; path = UIStoryboardExtension.swift; sourceTree = "<group>"; };
/* End PBXFileReference section */

/* Begin PBXFrameworksBuildPhase section */
		D5CED05E20FE47B500D75E57 /* Frameworks */ = {
			isa = PBXFrameworksBuildPhase;
			buildActionMask = 2147483647;
			files = (
				D5CED0AD2100F36E00D75E57 /* AlamofireImage.framework in Frameworks */,
				D5CED08C20FE5B5000D75E57 /* Alamofire.framework in Frameworks */,
			);
			runOnlyForDeploymentPostprocessing = 0;
		};
		D5CED07220FE47B600D75E57 /* Frameworks */ = {
			isa = PBXFrameworksBuildPhase;
			buildActionMask = 2147483647;
			files = (
			);
			runOnlyForDeploymentPostprocessing = 0;
		};
/* End PBXFrameworksBuildPhase section */

/* Begin PBXGroup section */
		D5CED05820FE47B500D75E57 = {
			isa = PBXGroup;
			children = (
				D5CED06320FE47B500D75E57 /* DoctorFinder */,
				D5CED07820FE47B600D75E57 /* DoctorFinderTests */,
				D5CED06220FE47B500D75E57 /* Products */,
				D5CED08A20FE5B5000D75E57 /* Frameworks */,
			);
			sourceTree = "<group>";
		};
		D5CED06220FE47B500D75E57 /* Products */ = {
			isa = PBXGroup;
			children = (
				D5CED06120FE47B500D75E57 /* DoctorFinder.app */,
				D5CED07520FE47B600D75E57 /* DoctorFinderTests.xctest */,
			);
			name = Products;
			sourceTree = "<group>";
		};
		D5CED06320FE47B500D75E57 /* DoctorFinder */ = {
			isa = PBXGroup;
			children = (
				D5CED0B72100F7DA00D75E57 /* Extensions */,
				D5CED0B12100F60100D75E57 /* Model */,
				D5CED0A12100F1A500D75E57 /* View */,
				D5CED09B2100F13A00D75E57 /* ViewModel */,
				D5CED0982100F11800D75E57 /* Protocols */,
				D5CED0942100F0CE00D75E57 /* Components */,
				D5CED08720FE5AE400D75E57 /* Network */,
				D5CED08420FE57ED00D75E57 /* ViewController */,
				D5CED06420FE47B500D75E57 /* AppDelegate.swift */,
				D5CED06B20FE47B600D75E57 /* Assets.xcassets */,
				D5CED06820FE47B500D75E57 /* Main.storyboard */,
				D5CED06D20FE47B600D75E57 /* LaunchScreen.storyboard */,
				D5CED07020FE47B600D75E57 /* Info.plist */,
			);
			path = DoctorFinder;
			sourceTree = "<group>";
		};
		D5CED07820FE47B600D75E57 /* DoctorFinderTests */ = {
			isa = PBXGroup;
			children = (
				D5CED07920FE47B600D75E57 /* DoctorFinderTests.swift */,
				D5CED07B20FE47B600D75E57 /* Info.plist */,
			);
			path = DoctorFinderTests;
			sourceTree = "<group>";
		};
		D5CED08420FE57ED00D75E57 /* ViewController */ = {
			isa = PBXGroup;
			children = (
				D5CED08520FE57FF00D75E57 /* DoctorSearchViewController.swift */,
			);
			name = ViewController;
			sourceTree = "<group>";
		};
		D5CED08720FE5AE400D75E57 /* Network */ = {
			isa = PBXGroup;
			children = (
				D5CED08820FE5AF900D75E57 /* NetworkManager.swift */,
				D5CED09020FFC6EB00D75E57 /* AuthenticationHandler.swift */,
				D5CED09220FFDC6800D75E57 /* UvitaRouter.swift */,
			);
			name = Network;
			sourceTree = "<group>";
		};
		D5CED08A20FE5B5000D75E57 /* Frameworks */ = {
			isa = PBXGroup;
			children = (
				D5CED0AB2100F36A00D75E57 /* AlamofireImage.framework */,
				D5CED08B20FE5B5000D75E57 /* Alamofire.framework */,
			);
			name = Frameworks;
			sourceTree = "<group>";
		};
		D5CED0942100F0CE00D75E57 /* Components */ = {
			isa = PBXGroup;
			children = (
				D5CED0B42100F72400D75E57 /* DoctorSearch */,
				D5CED0952100F0D700D75E57 /* Abstract */,
			);
			name = Components;
			sourceTree = "<group>";
		};
		D5CED0952100F0D700D75E57 /* Abstract */ = {
			isa = PBXGroup;
			children = (
				D5CED0962100F0FB00D75E57 /* BaseTableComponentViewController.swift */,
			);
			name = Abstract;
			sourceTree = "<group>";
		};
		D5CED0982100F11800D75E57 /* Protocols */ = {
			isa = PBXGroup;
			children = (
				D5CED0992100F12800D75E57 /* BaseComponentProtocol.swift */,
			);
			name = Protocols;
			sourceTree = "<group>";
		};
		D5CED09B2100F13A00D75E57 /* ViewModel */ = {
			isa = PBXGroup;
			children = (
				D5CED0A52100F21600D75E57 /* DoctorSearch */,
				D5CED09C2100F14200D75E57 /* Abstract */,
			);
			name = ViewModel;
			sourceTree = "<group>";
		};
		D5CED09C2100F14200D75E57 /* Abstract */ = {
			isa = PBXGroup;
			children = (
				D5CED09D2100F14E00D75E57 /* BaseCollectionComponentModel.swift */,
				D5CED09F2100F16E00D75E57 /* BaseSectionDataModel.swift */,
			);
			name = Abstract;
			sourceTree = "<group>";
		};
		D5CED0A12100F1A500D75E57 /* View */ = {
			isa = PBXGroup;
			children = (
				D5CED0A82100F2E100D75E57 /* DoctorSearch */,
				D5CED0A22100F1AB00D75E57 /* Abstract */,
			);
			name = View;
			sourceTree = "<group>";
		};
		D5CED0A22100F1AB00D75E57 /* Abstract */ = {
			isa = PBXGroup;
			children = (
				D5CED0A32100F1B400D75E57 /* BaseTableComponentViewCell.swift */,
			);
			name = Abstract;
			sourceTree = "<group>";
		};
		D5CED0A52100F21600D75E57 /* DoctorSearch */ = {
			isa = PBXGroup;
			children = (
				D5CED0A62100F22A00D75E57 /* DoctorSearchResultCellModel.swift */,
				D5CED0AF2100F5C800D75E57 /* DoctorSearchResultComponentModel.swift */,
			);
			name = DoctorSearch;
			sourceTree = "<group>";
		};
		D5CED0A82100F2E100D75E57 /* DoctorSearch */ = {
			isa = PBXGroup;
			children = (
				D5CED0A92100F2FB00D75E57 /* DoctorSearchResultViewCell.swift */,
			);
			name = DoctorSearch;
			sourceTree = "<group>";
		};
		D5CED0B12100F60100D75E57 /* Model */ = {
			isa = PBXGroup;
			children = (
				D5CED0B22100F61700D75E57 /* Doctor.swift */,
			);
			name = Model;
			sourceTree = "<group>";
		};
		D5CED0B42100F72400D75E57 /* DoctorSearch */ = {
			isa = PBXGroup;
			children = (
				D5CED0B52100F73A00D75E57 /* DoctorSearchResultsComponentViewController.swift */,
			);
			name = DoctorSearch;
			sourceTree = "<group>";
		};
		D5CED0B72100F7DA00D75E57 /* Extensions */ = {
			isa = PBXGroup;
			children = (
				D5CED0B82100F7E200D75E57 /* UIViewControllerExtension.swift */,
				D5CED0BA2100F7F600D75E57 /* UIStoryboardExtension.swift */,
			);
			name = Extensions;
			sourceTree = "<group>";
		};
/* End PBXGroup section */

/* Begin PBXNativeTarget section */
		D5CED06020FE47B500D75E57 /* DoctorFinder */ = {
			isa = PBXNativeTarget;
			buildConfigurationList = D5CED07E20FE47B600D75E57 /* Build configuration list for PBXNativeTarget "DoctorFinder" */;
			buildPhases = (
				D5CED05D20FE47B500D75E57 /* Sources */,
				D5CED05E20FE47B500D75E57 /* Frameworks */,
				D5CED05F20FE47B500D75E57 /* Resources */,
				D5CED08F20FE5B5900D75E57 /* Embed Frameworks */,
			);
			buildRules = (
			);
			dependencies = (
			);
			name = DoctorFinder;
			productName = DoctorFinder;
			productReference = D5CED06120FE47B500D75E57 /* DoctorFinder.app */;
			productType = "com.apple.product-type.application";
		};
		D5CED07420FE47B600D75E57 /* DoctorFinderTests */ = {
			isa = PBXNativeTarget;
			buildConfigurationList = D5CED08120FE47B600D75E57 /* Build configuration list for PBXNativeTarget "DoctorFinderTests" */;
			buildPhases = (
				D5CED07120FE47B600D75E57 /* Sources */,
				D5CED07220FE47B600D75E57 /* Frameworks */,
				D5CED07320FE47B600D75E57 /* Resources */,
			);
			buildRules = (
			);
			dependencies = (
				D5CED07720FE47B600D75E57 /* PBXTargetDependency */,
			);
			name = DoctorFinderTests;
			productName = DoctorFinderTests;
			productReference = D5CED07520FE47B600D75E57 /* DoctorFinderTests.xctest */;
			productType = "com.apple.product-type.bundle.unit-test";
		};
/* End PBXNativeTarget section */

/* Begin PBXProject section */
		D5CED05920FE47B500D75E57 /* Project object */ = {
			isa = PBXProject;
			attributes = {
				LastSwiftUpdateCheck = 0940;
				LastUpgradeCheck = 0940;
				ORGANIZATIONNAME = "Sten Anderßen";
				TargetAttributes = {
					D5CED06020FE47B500D75E57 = {
						CreatedOnToolsVersion = 9.4.1;
					};
					D5CED07420FE47B600D75E57 = {
						CreatedOnToolsVersion = 9.4.1;
						TestTargetID = D5CED06020FE47B500D75E57;
					};
				};
			};
			buildConfigurationList = D5CED05C20FE47B500D75E57 /* Build configuration list for PBXProject "DoctorFinder" */;
			compatibilityVersion = "Xcode 9.3";
			developmentRegion = en;
			hasScannedForEncodings = 0;
			knownRegions = (
				en,
				Base,
			);
			mainGroup = D5CED05820FE47B500D75E57;
			productRefGroup = D5CED06220FE47B500D75E57 /* Products */;
			projectDirPath = "";
			projectRoot = "";
			targets = (
				D5CED06020FE47B500D75E57 /* DoctorFinder */,
				D5CED07420FE47B600D75E57 /* DoctorFinderTests */,
			);
		};
/* End PBXProject section */

/* Begin PBXResourcesBuildPhase section */
		D5CED05F20FE47B500D75E57 /* Resources */ = {
			isa = PBXResourcesBuildPhase;
			buildActionMask = 2147483647;
			files = (
				D5CED06F20FE47B600D75E57 /* LaunchScreen.storyboard in Resources */,
				D5CED06C20FE47B600D75E57 /* Assets.xcassets in Resources */,
				D5CED06A20FE47B500D75E57 /* Main.storyboard in Resources */,
			);
			runOnlyForDeploymentPostprocessing = 0;
		};
		D5CED07320FE47B600D75E57 /* Resources */ = {
			isa = PBXResourcesBuildPhase;
			buildActionMask = 2147483647;
			files = (
			);
			runOnlyForDeploymentPostprocessing = 0;
		};
/* End PBXResourcesBuildPhase section */

/* Begin PBXSourcesBuildPhase section */
		D5CED05D20FE47B500D75E57 /* Sources */ = {
			isa = PBXSourcesBuildPhase;
			buildActionMask = 2147483647;
			files = (
				D5CED0A42100F1B400D75E57 /* BaseTableComponentViewCell.swift in Sources */,
				D5CED0A02100F16E00D75E57 /* BaseSectionDataModel.swift in Sources */,
				D5CED09E2100F14E00D75E57 /* BaseCollectionComponentModel.swift in Sources */,
				D5CED09320FFDC6800D75E57 /* UvitaRouter.swift in Sources */,
				D5CED0B92100F7E200D75E57 /* UIViewControllerExtension.swift in Sources */,
				D5CED0AA2100F2FB00D75E57 /* DoctorSearchResultViewCell.swift in Sources */,
				D5CED09120FFC6EB00D75E57 /* AuthenticationHandler.swift in Sources */,
				D5CED0B32100F61700D75E57 /* Doctor.swift in Sources */,
				D5CED08920FE5AF900D75E57 /* NetworkManager.swift in Sources */,
				D5CED09A2100F12800D75E57 /* BaseComponentProtocol.swift in Sources */,
				D5CED08620FE57FF00D75E57 /* DoctorSearchViewController.swift in Sources */,
				D5CED0972100F0FB00D75E57 /* BaseTableComponentViewController.swift in Sources */,
				D5CED06520FE47B500D75E57 /* AppDelegate.swift in Sources */,
				D5CED0B62100F73A00D75E57 /* DoctorSearchResultsComponentViewController.swift in Sources */,
				D5CED0BB2100F7F600D75E57 /* UIStoryboardExtension.swift in Sources */,
				D5CED0A72100F22A00D75E57 /* DoctorSearchResultCellModel.swift in Sources */,
				D5CED0B02100F5C800D75E57 /* DoctorSearchResultComponentModel.swift in Sources */,
			);
			runOnlyForDeploymentPostprocessing = 0;
		};
		D5CED07120FE47B600D75E57 /* Sources */ = {
			isa = PBXSourcesBuildPhase;
			buildActionMask = 2147483647;
			files = (
				D5CED07A20FE47B600D75E57 /* DoctorFinderTests.swift in Sources */,
			);
			runOnlyForDeploymentPostprocessing = 0;
		};
/* End PBXSourcesBuildPhase section */

/* Begin PBXTargetDependency section */
		D5CED07720FE47B600D75E57 /* PBXTargetDependency */ = {
			isa = PBXTargetDependency;
			target = D5CED06020FE47B500D75E57 /* DoctorFinder */;
			targetProxy = D5CED07620FE47B600D75E57 /* PBXContainerItemProxy */;
		};
/* End PBXTargetDependency section */

/* Begin PBXVariantGroup section */
		D5CED06820FE47B500D75E57 /* Main.storyboard */ = {
			isa = PBXVariantGroup;
			children = (
				D5CED06920FE47B500D75E57 /* Base */,
			);
			name = Main.storyboard;
			sourceTree = "<group>";
		};
		D5CED06D20FE47B600D75E57 /* LaunchScreen.storyboard */ = {
			isa = PBXVariantGroup;
			children = (
				D5CED06E20FE47B600D75E57 /* Base */,
			);
			name = LaunchScreen.storyboard;
			sourceTree = "<group>";
		};
/* End PBXVariantGroup section */

/* Begin XCBuildConfiguration section */
		D5CED07C20FE47B600D75E57 /* Debug */ = {
			isa = XCBuildConfiguration;
			buildSettings = {
				ALWAYS_SEARCH_USER_PATHS = NO;
				CLANG_ANALYZER_NONNULL = YES;
				CLANG_ANALYZER_NUMBER_OBJECT_CONVERSION = YES_AGGRESSIVE;
				CLANG_CXX_LANGUAGE_STANDARD = "gnu++14";
				CLANG_CXX_LIBRARY = "libc++";
				CLANG_ENABLE_MODULES = YES;
				CLANG_ENABLE_OBJC_ARC = YES;
				CLANG_ENABLE_OBJC_WEAK = YES;
				CLANG_WARN_BLOCK_CAPTURE_AUTORELEASING = YES;
				CLANG_WARN_BOOL_CONVERSION = YES;
				CLANG_WARN_COMMA = YES;
				CLANG_WARN_CONSTANT_CONVERSION = YES;
				CLANG_WARN_DEPRECATED_OBJC_IMPLEMENTATIONS = YES;
				CLANG_WARN_DIRECT_OBJC_ISA_USAGE = YES_ERROR;
				CLANG_WARN_DOCUMENTATION_COMMENTS = YES;
				CLANG_WARN_EMPTY_BODY = YES;
				CLANG_WARN_ENUM_CONVERSION = YES;
				CLANG_WARN_INFINITE_RECURSION = YES;
				CLANG_WARN_INT_CONVERSION = YES;
				CLANG_WARN_NON_LITERAL_NULL_CONVERSION = YES;
				CLANG_WARN_OBJC_IMPLICIT_RETAIN_SELF = YES;
				CLANG_WARN_OBJC_LITERAL_CONVERSION = YES;
				CLANG_WARN_OBJC_ROOT_CLASS = YES_ERROR;
				CLANG_WARN_RANGE_LOOP_ANALYSIS = YES;
				CLANG_WARN_STRICT_PROTOTYPES = YES;
				CLANG_WARN_SUSPICIOUS_MOVE = YES;
				CLANG_WARN_UNGUARDED_AVAILABILITY = YES_AGGRESSIVE;
				CLANG_WARN_UNREACHABLE_CODE = YES;
				CLANG_WARN__DUPLICATE_METHOD_MATCH = YES;
				CODE_SIGN_IDENTITY = "iPhone Developer";
				COPY_PHASE_STRIP = NO;
				DEBUG_INFORMATION_FORMAT = dwarf;
				ENABLE_STRICT_OBJC_MSGSEND = YES;
				ENABLE_TESTABILITY = YES;
				GCC_C_LANGUAGE_STANDARD = gnu11;
				GCC_DYNAMIC_NO_PIC = NO;
				GCC_NO_COMMON_BLOCKS = YES;
				GCC_OPTIMIZATION_LEVEL = 0;
				GCC_PREPROCESSOR_DEFINITIONS = (
					"DEBUG=1",
					"$(inherited)",
				);
				GCC_WARN_64_TO_32_BIT_CONVERSION = YES;
				GCC_WARN_ABOUT_RETURN_TYPE = YES_ERROR;
				GCC_WARN_UNDECLARED_SELECTOR = YES;
				GCC_WARN_UNINITIALIZED_AUTOS = YES_AGGRESSIVE;
				GCC_WARN_UNUSED_FUNCTION = YES;
				GCC_WARN_UNUSED_VARIABLE = YES;
				IPHONEOS_DEPLOYMENT_TARGET = 11.4;
				MTL_ENABLE_DEBUG_INFO = YES;
				ONLY_ACTIVE_ARCH = YES;
				SDKROOT = iphoneos;
				SWIFT_ACTIVE_COMPILATION_CONDITIONS = DEBUG;
				SWIFT_OPTIMIZATION_LEVEL = "-Onone";
			};
			name = Debug;
		};
		D5CED07D20FE47B600D75E57 /* Release */ = {
			isa = XCBuildConfiguration;
			buildSettings = {
				ALWAYS_SEARCH_USER_PATHS = NO;
				CLANG_ANALYZER_NONNULL = YES;
				CLANG_ANALYZER_NUMBER_OBJECT_CONVERSION = YES_AGGRESSIVE;
				CLANG_CXX_LANGUAGE_STANDARD = "gnu++14";
				CLANG_CXX_LIBRARY = "libc++";
				CLANG_ENABLE_MODULES = YES;
				CLANG_ENABLE_OBJC_ARC = YES;
				CLANG_ENABLE_OBJC_WEAK = YES;
				CLANG_WARN_BLOCK_CAPTURE_AUTORELEASING = YES;
				CLANG_WARN_BOOL_CONVERSION = YES;
				CLANG_WARN_COMMA = YES;
				CLANG_WARN_CONSTANT_CONVERSION = YES;
				CLANG_WARN_DEPRECATED_OBJC_IMPLEMENTATIONS = YES;
				CLANG_WARN_DIRECT_OBJC_ISA_USAGE = YES_ERROR;
				CLANG_WARN_DOCUMENTATION_COMMENTS = YES;
				CLANG_WARN_EMPTY_BODY = YES;
				CLANG_WARN_ENUM_CONVERSION = YES;
				CLANG_WARN_INFINITE_RECURSION = YES;
				CLANG_WARN_INT_CONVERSION = YES;
				CLANG_WARN_NON_LITERAL_NULL_CONVERSION = YES;
				CLANG_WARN_OBJC_IMPLICIT_RETAIN_SELF = YES;
				CLANG_WARN_OBJC_LITERAL_CONVERSION = YES;
				CLANG_WARN_OBJC_ROOT_CLASS = YES_ERROR;
				CLANG_WARN_RANGE_LOOP_ANALYSIS = YES;
				CLANG_WARN_STRICT_PROTOTYPES = YES;
				CLANG_WARN_SUSPICIOUS_MOVE = YES;
				CLANG_WARN_UNGUARDED_AVAILABILITY = YES_AGGRESSIVE;
				CLANG_WARN_UNREACHABLE_CODE = YES;
				CLANG_WARN__DUPLICATE_METHOD_MATCH = YES;
				CODE_SIGN_IDENTITY = "iPhone Developer";
				COPY_PHASE_STRIP = NO;
				DEBUG_INFORMATION_FORMAT = "dwarf-with-dsym";
				ENABLE_NS_ASSERTIONS = NO;
				ENABLE_STRICT_OBJC_MSGSEND = YES;
				GCC_C_LANGUAGE_STANDARD = gnu11;
				GCC_NO_COMMON_BLOCKS = YES;
				GCC_WARN_64_TO_32_BIT_CONVERSION = YES;
				GCC_WARN_ABOUT_RETURN_TYPE = YES_ERROR;
				GCC_WARN_UNDECLARED_SELECTOR = YES;
				GCC_WARN_UNINITIALIZED_AUTOS = YES_AGGRESSIVE;
				GCC_WARN_UNUSED_FUNCTION = YES;
				GCC_WARN_UNUSED_VARIABLE = YES;
				IPHONEOS_DEPLOYMENT_TARGET = 11.4;
				MTL_ENABLE_DEBUG_INFO = NO;
				SDKROOT = iphoneos;
				SWIFT_COMPILATION_MODE = wholemodule;
				SWIFT_OPTIMIZATION_LEVEL = "-O";
				VALIDATE_PRODUCT = YES;
			};
			name = Release;
		};
		D5CED07F20FE47B600D75E57 /* Debug */ = {
			isa = XCBuildConfiguration;
			buildSettings = {
				ASSETCATALOG_COMPILER_APPICON_NAME = AppIcon;
				CODE_SIGN_STYLE = Automatic;
				FRAMEWORK_SEARCH_PATHS = (
					"$(inherited)",
					"$(PROJECT_DIR)/Carthage/Build/iOS",
				);
				INFOPLIST_FILE = DoctorFinder/Info.plist;
				LD_RUNPATH_SEARCH_PATHS = (
					"$(inherited)",
					"@executable_path/Frameworks",
				);
				PRODUCT_BUNDLE_IDENTIFIER = de.anderssen.ios.DoctorFinder;
				PRODUCT_NAME = "$(TARGET_NAME)";
				SWIFT_VERSION = 4.0;
				TARGETED_DEVICE_FAMILY = "1,2";
			};
			name = Debug;
		};
		D5CED08020FE47B600D75E57 /* Release */ = {
			isa = XCBuildConfiguration;
			buildSettings = {
				ASSETCATALOG_COMPILER_APPICON_NAME = AppIcon;
				CODE_SIGN_STYLE = Automatic;
				FRAMEWORK_SEARCH_PATHS = (
					"$(inherited)",
					"$(PROJECT_DIR)/Carthage/Build/iOS",
				);
				INFOPLIST_FILE = DoctorFinder/Info.plist;
				LD_RUNPATH_SEARCH_PATHS = (
					"$(inherited)",
					"@executable_path/Frameworks",
				);
				PRODUCT_BUNDLE_IDENTIFIER = de.anderssen.ios.DoctorFinder;
				PRODUCT_NAME = "$(TARGET_NAME)";
				SWIFT_VERSION = 4.0;
				TARGETED_DEVICE_FAMILY = "1,2";
			};
			name = Release;
		};
		D5CED08220FE47B600D75E57 /* Debug */ = {
			isa = XCBuildConfiguration;
			buildSettings = {
				ALWAYS_EMBED_SWIFT_STANDARD_LIBRARIES = YES;
				BUNDLE_LOADER = "$(TEST_HOST)";
				CODE_SIGN_STYLE = Automatic;
				INFOPLIST_FILE = DoctorFinderTests/Info.plist;
				LD_RUNPATH_SEARCH_PATHS = (
					"$(inherited)",
					"@executable_path/Frameworks",
					"@loader_path/Frameworks",
				);
				PRODUCT_BUNDLE_IDENTIFIER = de.anderssen.ios.DoctorFinderTests;
				PRODUCT_NAME = "$(TARGET_NAME)";
				SWIFT_VERSION = 4.0;
				TARGETED_DEVICE_FAMILY = "1,2";
				TEST_HOST = "$(BUILT_PRODUCTS_DIR)/DoctorFinder.app/DoctorFinder";
			};
			name = Debug;
		};
		D5CED08320FE47B600D75E57 /* Release */ = {
			isa = XCBuildConfiguration;
			buildSettings = {
				ALWAYS_EMBED_SWIFT_STANDARD_LIBRARIES = YES;
				BUNDLE_LOADER = "$(TEST_HOST)";
				CODE_SIGN_STYLE = Automatic;
				INFOPLIST_FILE = DoctorFinderTests/Info.plist;
				LD_RUNPATH_SEARCH_PATHS = (
					"$(inherited)",
					"@executable_path/Frameworks",
					"@loader_path/Frameworks",
				);
				PRODUCT_BUNDLE_IDENTIFIER = de.anderssen.ios.DoctorFinderTests;
				PRODUCT_NAME = "$(TARGET_NAME)";
				SWIFT_VERSION = 4.0;
				TARGETED_DEVICE_FAMILY = "1,2";
				TEST_HOST = "$(BUILT_PRODUCTS_DIR)/DoctorFinder.app/DoctorFinder";
			};
			name = Release;
		};
/* End XCBuildConfiguration section */

/* Begin XCConfigurationList section */
		D5CED05C20FE47B500D75E57 /* Build configuration list for PBXProject "DoctorFinder" */ = {
			isa = XCConfigurationList;
			buildConfigurations = (
				D5CED07C20FE47B600D75E57 /* Debug */,
				D5CED07D20FE47B600D75E57 /* Release */,
			);
			defaultConfigurationIsVisible = 0;
			defaultConfigurationName = Release;
		};
		D5CED07E20FE47B600D75E57 /* Build configuration list for PBXNativeTarget "DoctorFinder" */ = {
			isa = XCConfigurationList;
			buildConfigurations = (
				D5CED07F20FE47B600D75E57 /* Debug */,
				D5CED08020FE47B600D75E57 /* Release */,
			);
			defaultConfigurationIsVisible = 0;
			defaultConfigurationName = Release;
		};
		D5CED08120FE47B600D75E57 /* Build configuration list for PBXNativeTarget "DoctorFinderTests" */ = {
			isa = XCConfigurationList;
			buildConfigurations = (
				D5CED08220FE47B600D75E57 /* Debug */,
				D5CED08320FE47B600D75E57 /* Release */,
			);
			defaultConfigurationIsVisible = 0;
			defaultConfigurationName = Release;
		};
/* End XCConfigurationList section */
	};
	rootObject = D5CED05920FE47B500D75E57 /* Project object */;
}
